// !$*UTF8*$!
{
	archiveVersion = 1;
	classes = {
	};
	objectVersion = 50;
	objects = {

/* Begin PBXBuildFile section */
		D28EC3F9F73AFE75612B88A5 /* libPods-InMemories.a in Frameworks */ = {isa = PBXBuildFile; fileRef = 78CDE05D780DC8CE938DE821 /* libPods-InMemories.a */; };
		F5438CD82737C575008B7784 /* UserProfilePhotoCell.swift in Sources */ = {isa = PBXBuildFile; fileRef = F5438CD72737C575008B7784 /* UserProfilePhotoCell.swift */; };
		F5438CDA2737C5E3008B7784 /* HomeController.swift in Sources */ = {isa = PBXBuildFile; fileRef = F5438CD92737C5E3008B7784 /* HomeController.swift */; };
		F5438CDD2737C7CD008B7784 /* HomePostCell.swift in Sources */ = {isa = PBXBuildFile; fileRef = F5438CDC2737C7CD008B7784 /* HomePostCell.swift */; };
		F5438CDF2737FFF3008B7784 /* User.swift in Sources */ = {isa = PBXBuildFile; fileRef = F5438CDE2737FFF3008B7784 /* User.swift */; };
		F5438CE1273806F6008B7784 /* Firebase + Extensions.swift in Sources */ = {isa = PBXBuildFile; fileRef = F5438CE0273806F6008B7784 /* Firebase + Extensions.swift */; };
		F5438CE42738133C008B7784 /* SearchController.swift in Sources */ = {isa = PBXBuildFile; fileRef = F5438CE32738133C008B7784 /* SearchController.swift */; };
		F5438CE62738166C008B7784 /* SearchCell.swift in Sources */ = {isa = PBXBuildFile; fileRef = F5438CE52738166C008B7784 /* SearchCell.swift */; };
		F54A7365270DE11E00CAE9F6 /* GoogleService-Info.plist in Resources */ = {isa = PBXBuildFile; fileRef = F54A7364270DE11E00CAE9F6 /* GoogleService-Info.plist */; };
		F5640133273B040C003A4A9D /* PreviewPhotoContainerView.swift in Sources */ = {isa = PBXBuildFile; fileRef = F5640132273B040B003A4A9D /* PreviewPhotoContainerView.swift */; };
		F5767E16270CAE2200387576 /* AppDelegate.swift in Sources */ = {isa = PBXBuildFile; fileRef = F5767E15270CAE2200387576 /* AppDelegate.swift */; };
		F5767E1A270CAE2200387576 /* SignUpController.swift in Sources */ = {isa = PBXBuildFile; fileRef = F5767E19270CAE2200387576 /* SignUpController.swift */; };
		F5767E1D270CAE2200387576 /* Main.storyboard in Resources */ = {isa = PBXBuildFile; fileRef = F5767E1B270CAE2200387576 /* Main.storyboard */; };
		F5767E1F270CAE2400387576 /* Assets.xcassets in Resources */ = {isa = PBXBuildFile; fileRef = F5767E1E270CAE2400387576 /* Assets.xcassets */; };
		F5767E22270CAE2400387576 /* LaunchScreen.storyboard in Resources */ = {isa = PBXBuildFile; fileRef = F5767E20270CAE2400387576 /* LaunchScreen.storyboard */; };
		F5782A3127399F280020CD9A /* Date + Extensions.swift in Sources */ = {isa = PBXBuildFile; fileRef = F5782A3027399F280020CD9A /* Date + Extensions.swift */; };
		F5782A342739BAB10020CD9A /* CameraController.swift in Sources */ = {isa = PBXBuildFile; fileRef = F5782A332739BAB10020CD9A /* CameraController.swift */; };
		F58F1B1C273B0F4A00E0A0E4 /* CustomAnimationPresenter.swift in Sources */ = {isa = PBXBuildFile; fileRef = F58F1B1B273B0F4900E0A0E4 /* CustomAnimationPresenter.swift */; };
		F58F1B1E273B130000E0A0E4 /* CustomAnimationDismisser.swift in Sources */ = {isa = PBXBuildFile; fileRef = F58F1B1D273B130000E0A0E4 /* CustomAnimationDismisser.swift */; };
		F59486CC273BBCBB005C05F7 /* CommentsController.swift in Sources */ = {isa = PBXBuildFile; fileRef = F59486CB273BBCBA005C05F7 /* CommentsController.swift */; };
		F59700AB273564DF0014A36A /* PhotoSelectorController.swift in Sources */ = {isa = PBXBuildFile; fileRef = F59700AA273564DF0014A36A /* PhotoSelectorController.swift */; };
		F59700AE273571B80014A36A /* PhotoSelectorCell.swift in Sources */ = {isa = PBXBuildFile; fileRef = F59700AD273571B80014A36A /* PhotoSelectorCell.swift */; };
		F59700B0273578130014A36A /* PhotoSelectorHeader.swift in Sources */ = {isa = PBXBuildFile; fileRef = F59700AF273578130014A36A /* PhotoSelectorHeader.swift */; };
		F59700B227366EA30014A36A /* SharePhotoController.swift in Sources */ = {isa = PBXBuildFile; fileRef = F59700B127366EA30014A36A /* SharePhotoController.swift */; };
		F59700B427368EF80014A36A /* Post.swift in Sources */ = {isa = PBXBuildFile; fileRef = F59700B327368EF80014A36A /* Post.swift */; };
		F59700BB273696ED0014A36A /* CustomImageView.swift in Sources */ = {isa = PBXBuildFile; fileRef = F59700BA273696ED0014A36A /* CustomImageView.swift */; };
		F5C0F6922725F16400A58E4D /* LoginController.swift in Sources */ = {isa = PBXBuildFile; fileRef = F5C0F6912725F16400A58E4D /* LoginController.swift */; };
		F5D540AD270CD8DE0077C389 /* UIColor + Extensions.swift in Sources */ = {isa = PBXBuildFile; fileRef = F5D540AC270CD8DE0077C389 /* UIColor + Extensions.swift */; };
		F5D540AF270CE51B0077C389 /* UIView + Extensions.swift in Sources */ = {isa = PBXBuildFile; fileRef = F5D540AE270CE51B0077C389 /* UIView + Extensions.swift */; };
		F5D9D53F2725A53F00A23ED2 /* Constants.swift in Sources */ = {isa = PBXBuildFile; fileRef = F5D9D53E2725A53F00A23ED2 /* Constants.swift */; };
		F5D9D5412725AC1A00A23ED2 /* UserProfileHeader.swift in Sources */ = {isa = PBXBuildFile; fileRef = F5D9D5402725AC1A00A23ED2 /* UserProfileHeader.swift */; };
		F5FE66FB27258B1A009166A7 /* MainTabBarController.swift in Sources */ = {isa = PBXBuildFile; fileRef = F5FE66FA27258B1A009166A7 /* MainTabBarController.swift */; };
		F5FE66FD27258C02009166A7 /* UserProfileController.swift in Sources */ = {isa = PBXBuildFile; fileRef = F5FE66FC27258C02009166A7 /* UserProfileController.swift */; };
/* End PBXBuildFile section */

/* Begin PBXFileReference section */
		78CDE05D780DC8CE938DE821 /* libPods-InMemories.a */ = {isa = PBXFileReference; explicitFileType = archive.ar; includeInIndex = 0; path = "libPods-InMemories.a"; sourceTree = BUILT_PRODUCTS_DIR; };
		D3F855F08ACEE99113ACF9BB /* Pods-InMemories.debug.xcconfig */ = {isa = PBXFileReference; includeInIndex = 1; lastKnownFileType = text.xcconfig; name = "Pods-InMemories.debug.xcconfig"; path = "Target Support Files/Pods-InMemories/Pods-InMemories.debug.xcconfig"; sourceTree = "<group>"; };
		E872DA8146A1DBC430532ABE /* Pods-InMemories.release.xcconfig */ = {isa = PBXFileReference; includeInIndex = 1; lastKnownFileType = text.xcconfig; name = "Pods-InMemories.release.xcconfig"; path = "Target Support Files/Pods-InMemories/Pods-InMemories.release.xcconfig"; sourceTree = "<group>"; };
		F5438CD72737C575008B7784 /* UserProfilePhotoCell.swift */ = {isa = PBXFileReference; lastKnownFileType = sourcecode.swift; name = UserProfilePhotoCell.swift; path = "/Users/vnbenko/Documents/GIT projects/inMemories-repo/InMemories/InMemories/UserProfile/UserProfilePhotoCell.swift"; sourceTree = "<absolute>"; };
		F5438CD92737C5E3008B7784 /* HomeController.swift */ = {isa = PBXFileReference; lastKnownFileType = sourcecode.swift; path = HomeController.swift; sourceTree = "<group>"; };
		F5438CDC2737C7CD008B7784 /* HomePostCell.swift */ = {isa = PBXFileReference; lastKnownFileType = sourcecode.swift; path = HomePostCell.swift; sourceTree = "<group>"; };
		F5438CDE2737FFF3008B7784 /* User.swift */ = {isa = PBXFileReference; lastKnownFileType = sourcecode.swift; path = User.swift; sourceTree = "<group>"; };
		F5438CE0273806F6008B7784 /* Firebase + Extensions.swift */ = {isa = PBXFileReference; lastKnownFileType = sourcecode.swift; path = "Firebase + Extensions.swift"; sourceTree = "<group>"; };
		F5438CE32738133C008B7784 /* SearchController.swift */ = {isa = PBXFileReference; lastKnownFileType = sourcecode.swift; path = SearchController.swift; sourceTree = "<group>"; };
		F5438CE52738166C008B7784 /* SearchCell.swift */ = {isa = PBXFileReference; lastKnownFileType = sourcecode.swift; path = SearchCell.swift; sourceTree = "<group>"; };
		F54A7364270DE11E00CAE9F6 /* GoogleService-Info.plist */ = {isa = PBXFileReference; fileEncoding = 4; lastKnownFileType = text.plist.xml; path = "GoogleService-Info.plist"; sourceTree = "<group>"; };
		F5640132273B040B003A4A9D /* PreviewPhotoContainerView.swift */ = {isa = PBXFileReference; lastKnownFileType = sourcecode.swift; path = PreviewPhotoContainerView.swift; sourceTree = "<group>"; };
		F5767E12270CAE2200387576 /* InMemories.app */ = {isa = PBXFileReference; explicitFileType = wrapper.application; includeInIndex = 0; path = InMemories.app; sourceTree = BUILT_PRODUCTS_DIR; };
		F5767E15270CAE2200387576 /* AppDelegate.swift */ = {isa = PBXFileReference; lastKnownFileType = sourcecode.swift; path = AppDelegate.swift; sourceTree = "<group>"; };
		F5767E19270CAE2200387576 /* SignUpController.swift */ = {isa = PBXFileReference; lastKnownFileType = sourcecode.swift; path = SignUpController.swift; sourceTree = "<group>"; };
		F5767E1C270CAE2200387576 /* Base */ = {isa = PBXFileReference; lastKnownFileType = file.storyboard; name = Base; path = Base.lproj/Main.storyboard; sourceTree = "<group>"; };
		F5767E1E270CAE2400387576 /* Assets.xcassets */ = {isa = PBXFileReference; lastKnownFileType = folder.assetcatalog; path = Assets.xcassets; sourceTree = "<group>"; };
		F5767E21270CAE2400387576 /* Base */ = {isa = PBXFileReference; lastKnownFileType = file.storyboard; name = Base; path = Base.lproj/LaunchScreen.storyboard; sourceTree = "<group>"; };
		F5767E23270CAE2400387576 /* Info.plist */ = {isa = PBXFileReference; lastKnownFileType = text.plist.xml; path = Info.plist; sourceTree = "<group>"; };
		F5782A3027399F280020CD9A /* Date + Extensions.swift */ = {isa = PBXFileReference; lastKnownFileType = sourcecode.swift; path = "Date + Extensions.swift"; sourceTree = "<group>"; };
		F5782A332739BAB10020CD9A /* CameraController.swift */ = {isa = PBXFileReference; lastKnownFileType = sourcecode.swift; path = CameraController.swift; sourceTree = "<group>"; };
		F58F1B1B273B0F4900E0A0E4 /* CustomAnimationPresenter.swift */ = {isa = PBXFileReference; lastKnownFileType = sourcecode.swift; path = CustomAnimationPresenter.swift; sourceTree = "<group>"; };
		F58F1B1D273B130000E0A0E4 /* CustomAnimationDismisser.swift */ = {isa = PBXFileReference; lastKnownFileType = sourcecode.swift; path = CustomAnimationDismisser.swift; sourceTree = "<group>"; };
		F59486CB273BBCBA005C05F7 /* CommentsController.swift */ = {isa = PBXFileReference; lastKnownFileType = sourcecode.swift; path = CommentsController.swift; sourceTree = "<group>"; };
		F59700AA273564DF0014A36A /* PhotoSelectorController.swift */ = {isa = PBXFileReference; lastKnownFileType = sourcecode.swift; path = PhotoSelectorController.swift; sourceTree = "<group>"; };
		F59700AD273571B80014A36A /* PhotoSelectorCell.swift */ = {isa = PBXFileReference; lastKnownFileType = sourcecode.swift; path = PhotoSelectorCell.swift; sourceTree = "<group>"; };
		F59700AF273578130014A36A /* PhotoSelectorHeader.swift */ = {isa = PBXFileReference; lastKnownFileType = sourcecode.swift; path = PhotoSelectorHeader.swift; sourceTree = "<group>"; };
		F59700B127366EA30014A36A /* SharePhotoController.swift */ = {isa = PBXFileReference; lastKnownFileType = sourcecode.swift; path = SharePhotoController.swift; sourceTree = "<group>"; };
		F59700B327368EF80014A36A /* Post.swift */ = {isa = PBXFileReference; lastKnownFileType = sourcecode.swift; path = Post.swift; sourceTree = "<group>"; };
		F59700BA273696ED0014A36A /* CustomImageView.swift */ = {isa = PBXFileReference; lastKnownFileType = sourcecode.swift; path = CustomImageView.swift; sourceTree = "<group>"; };
		F5C0F6912725F16400A58E4D /* LoginController.swift */ = {isa = PBXFileReference; lastKnownFileType = sourcecode.swift; path = LoginController.swift; sourceTree = "<group>"; };
		F5D540AC270CD8DE0077C389 /* UIColor + Extensions.swift */ = {isa = PBXFileReference; lastKnownFileType = sourcecode.swift; path = "UIColor + Extensions.swift"; sourceTree = "<group>"; };
		F5D540AE270CE51B0077C389 /* UIView + Extensions.swift */ = {isa = PBXFileReference; lastKnownFileType = sourcecode.swift; path = "UIView + Extensions.swift"; sourceTree = "<group>"; };
		F5D9D53E2725A53F00A23ED2 /* Constants.swift */ = {isa = PBXFileReference; lastKnownFileType = sourcecode.swift; path = Constants.swift; sourceTree = "<group>"; };
		F5D9D5402725AC1A00A23ED2 /* UserProfileHeader.swift */ = {isa = PBXFileReference; lastKnownFileType = sourcecode.swift; path = UserProfileHeader.swift; sourceTree = "<group>"; };
		F5FE66FA27258B1A009166A7 /* MainTabBarController.swift */ = {isa = PBXFileReference; lastKnownFileType = sourcecode.swift; path = MainTabBarController.swift; sourceTree = "<group>"; };
		F5FE66FC27258C02009166A7 /* UserProfileController.swift */ = {isa = PBXFileReference; lastKnownFileType = sourcecode.swift; path = UserProfileController.swift; sourceTree = "<group>"; };
/* End PBXFileReference section */

/* Begin PBXFrameworksBuildPhase section */
		F5767E0F270CAE2200387576 /* Frameworks */ = {
			isa = PBXFrameworksBuildPhase;
			buildActionMask = 2147483647;
			files = (
				D28EC3F9F73AFE75612B88A5 /* libPods-InMemories.a in Frameworks */,
			);
			runOnlyForDeploymentPostprocessing = 0;
		};
/* End PBXFrameworksBuildPhase section */

/* Begin PBXGroup section */
		34A2FB34B94A8827C8950C92 /* Frameworks */ = {
			isa = PBXGroup;
			children = (
				78CDE05D780DC8CE938DE821 /* libPods-InMemories.a */,
			);
			name = Frameworks;
			sourceTree = "<group>";
		};
		4E46BF2F25496A00994D7A77 /* Pods */ = {
			isa = PBXGroup;
			children = (
				D3F855F08ACEE99113ACF9BB /* Pods-InMemories.debug.xcconfig */,
				E872DA8146A1DBC430532ABE /* Pods-InMemories.release.xcconfig */,
			);
			path = Pods;
			sourceTree = "<group>";
		};
		F5438CDB2737C5E7008B7784 /* Home */ = {
			isa = PBXGroup;
			children = (
				F5438CD92737C5E3008B7784 /* HomeController.swift */,
				F5438CDC2737C7CD008B7784 /* HomePostCell.swift */,
				F59486CB273BBCBA005C05F7 /* CommentsController.swift */,
			);
			path = Home;
			sourceTree = "<group>";
		};
		F5438CE227381316008B7784 /* Search */ = {
			isa = PBXGroup;
			children = (
				F5438CE32738133C008B7784 /* SearchController.swift */,
				F5438CE52738166C008B7784 /* SearchCell.swift */,
			);
			path = Search;
			sourceTree = "<group>";
		};
		F5767E09270CAE2200387576 = {
			isa = PBXGroup;
			children = (
				F5767E14270CAE2200387576 /* InMemories */,
				F5767E13270CAE2200387576 /* Products */,
				4E46BF2F25496A00994D7A77 /* Pods */,
				34A2FB34B94A8827C8950C92 /* Frameworks */,
			);
			sourceTree = "<group>";
		};
		F5767E13270CAE2200387576 /* Products */ = {
			isa = PBXGroup;
			children = (
				F5767E12270CAE2200387576 /* InMemories.app */,
			);
			name = Products;
			sourceTree = "<group>";
		};
		F5767E14270CAE2200387576 /* InMemories */ = {
			isa = PBXGroup;
			children = (
				F5767E15270CAE2200387576 /* AppDelegate.swift */,
				F5FE66FA27258B1A009166A7 /* MainTabBarController.swift */,
				F5782A322739BA9E0020CD9A /* Camera */,
				F5438CE227381316008B7784 /* Search */,
				F5438CDB2737C5E7008B7784 /* Home */,
				F59700B527368F180014A36A /* Models */,
				F59700AC2735650E0014A36A /* AddPhoto */,
				F5C0F6932725F40C00A58E4D /* Login */,
				F5D9D5422725AC2F00A23ED2 /* UserProfile */,
				F5D540AB270CD8B30077C389 /* Utilities */,
				F5767E1B270CAE2200387576 /* Main.storyboard */,
				F5767E1E270CAE2400387576 /* Assets.xcassets */,
				F5767E20270CAE2400387576 /* LaunchScreen.storyboard */,
				F54A7364270DE11E00CAE9F6 /* GoogleService-Info.plist */,
				F5767E23270CAE2400387576 /* Info.plist */,
			);
			path = InMemories;
			sourceTree = "<group>";
		};
		F5782A322739BA9E0020CD9A /* Camera */ = {
			isa = PBXGroup;
			children = (
				F5782A332739BAB10020CD9A /* CameraController.swift */,
				F5640132273B040B003A4A9D /* PreviewPhotoContainerView.swift */,
				F58F1B1B273B0F4900E0A0E4 /* CustomAnimationPresenter.swift */,
				F58F1B1D273B130000E0A0E4 /* CustomAnimationDismisser.swift */,
			);
			path = Camera;
			sourceTree = "<group>";
		};
		F59700AC2735650E0014A36A /* AddPhoto */ = {
			isa = PBXGroup;
			children = (
				F59700AA273564DF0014A36A /* PhotoSelectorController.swift */,
				F59700AF273578130014A36A /* PhotoSelectorHeader.swift */,
				F59700AD273571B80014A36A /* PhotoSelectorCell.swift */,
				F59700B127366EA30014A36A /* SharePhotoController.swift */,
			);
			path = AddPhoto;
			sourceTree = "<group>";
		};
		F59700B527368F180014A36A /* Models */ = {
			isa = PBXGroup;
			children = (
				F59700B327368EF80014A36A /* Post.swift */,
				F5438CDE2737FFF3008B7784 /* User.swift */,
			);
			path = Models;
			sourceTree = "<group>";
		};
		F5C0F6932725F40C00A58E4D /* Login */ = {
			isa = PBXGroup;
			children = (
				F5767E19270CAE2200387576 /* SignUpController.swift */,
				F5C0F6912725F16400A58E4D /* LoginController.swift */,
			);
			path = Login;
			sourceTree = "<group>";
		};
		F5D540AB270CD8B30077C389 /* Utilities */ = {
			isa = PBXGroup;
			children = (
				F5D9D53E2725A53F00A23ED2 /* Constants.swift */,
				F5D540AC270CD8DE0077C389 /* UIColor + Extensions.swift */,
				F5D540AE270CE51B0077C389 /* UIView + Extensions.swift */,
				F5438CE0273806F6008B7784 /* Firebase + Extensions.swift */,
				F59700BA273696ED0014A36A /* CustomImageView.swift */,
				F5782A3027399F280020CD9A /* Date + Extensions.swift */,
			);
			path = Utilities;
			sourceTree = "<group>";
		};
		F5D9D5422725AC2F00A23ED2 /* UserProfile */ = {
			isa = PBXGroup;
			children = (
				F5FE66FC27258C02009166A7 /* UserProfileController.swift */,
				F5D9D5402725AC1A00A23ED2 /* UserProfileHeader.swift */,
				F5438CD72737C575008B7784 /* UserProfilePhotoCell.swift */,
			);
			path = UserProfile;
			sourceTree = "<group>";
		};
/* End PBXGroup section */

/* Begin PBXNativeTarget section */
		F5767E11270CAE2200387576 /* InMemories */ = {
			isa = PBXNativeTarget;
			buildConfigurationList = F5767E26270CAE2400387576 /* Build configuration list for PBXNativeTarget "InMemories" */;
			buildPhases = (
				1D4B70DD99AB8AC09737924D /* [CP] Check Pods Manifest.lock */,
				F5767E0E270CAE2200387576 /* Sources */,
				F5767E0F270CAE2200387576 /* Frameworks */,
				F5767E10270CAE2200387576 /* Resources */,
			);
			buildRules = (
			);
			dependencies = (
			);
			name = InMemories;
			productName = InMemories;
			productReference = F5767E12270CAE2200387576 /* InMemories.app */;
			productType = "com.apple.product-type.application";
		};
/* End PBXNativeTarget section */

/* Begin PBXProject section */
		F5767E0A270CAE2200387576 /* Project object */ = {
			isa = PBXProject;
			attributes = {
				LastSwiftUpdateCheck = 1250;
				LastUpgradeCheck = 1250;
				TargetAttributes = {
					F5767E11270CAE2200387576 = {
						CreatedOnToolsVersion = 12.5.1;
					};
				};
			};
			buildConfigurationList = F5767E0D270CAE2200387576 /* Build configuration list for PBXProject "InMemories" */;
			compatibilityVersion = "Xcode 9.3";
			developmentRegion = en;
			hasScannedForEncodings = 0;
			knownRegions = (
				en,
				Base,
			);
			mainGroup = F5767E09270CAE2200387576;
			productRefGroup = F5767E13270CAE2200387576 /* Products */;
			projectDirPath = "";
			projectRoot = "";
			targets = (
				F5767E11270CAE2200387576 /* InMemories */,
			);
		};
/* End PBXProject section */

/* Begin PBXResourcesBuildPhase section */
		F5767E10270CAE2200387576 /* Resources */ = {
			isa = PBXResourcesBuildPhase;
			buildActionMask = 2147483647;
			files = (
				F5767E22270CAE2400387576 /* LaunchScreen.storyboard in Resources */,
				F54A7365270DE11E00CAE9F6 /* GoogleService-Info.plist in Resources */,
				F5767E1F270CAE2400387576 /* Assets.xcassets in Resources */,
				F5767E1D270CAE2200387576 /* Main.storyboard in Resources */,
			);
			runOnlyForDeploymentPostprocessing = 0;
		};
/* End PBXResourcesBuildPhase section */

/* Begin PBXShellScriptBuildPhase section */
		1D4B70DD99AB8AC09737924D /* [CP] Check Pods Manifest.lock */ = {
			isa = PBXShellScriptBuildPhase;
			buildActionMask = 2147483647;
			files = (
			);
			inputFileListPaths = (
			);
			inputPaths = (
				"${PODS_PODFILE_DIR_PATH}/Podfile.lock",
				"${PODS_ROOT}/Manifest.lock",
			);
			name = "[CP] Check Pods Manifest.lock";
			outputFileListPaths = (
			);
			outputPaths = (
				"$(DERIVED_FILE_DIR)/Pods-InMemories-checkManifestLockResult.txt",
			);
			runOnlyForDeploymentPostprocessing = 0;
			shellPath = /bin/sh;
			shellScript = "diff \"${PODS_PODFILE_DIR_PATH}/Podfile.lock\" \"${PODS_ROOT}/Manifest.lock\" > /dev/null\nif [ $? != 0 ] ; then\n    # print error to STDERR\n    echo \"error: The sandbox is not in sync with the Podfile.lock. Run 'pod install' or update your CocoaPods installation.\" >&2\n    exit 1\nfi\n# This output is used by Xcode 'outputs' to avoid re-running this script phase.\necho \"SUCCESS\" > \"${SCRIPT_OUTPUT_FILE_0}\"\n";
			showEnvVarsInLog = 0;
		};
/* End PBXShellScriptBuildPhase section */

/* Begin PBXSourcesBuildPhase section */
		F5767E0E270CAE2200387576 /* Sources */ = {
			isa = PBXSourcesBuildPhase;
			buildActionMask = 2147483647;
			files = (
				F5D540AF270CE51B0077C389 /* UIView + Extensions.swift in Sources */,
				F5782A3127399F280020CD9A /* Date + Extensions.swift in Sources */,
				F5438CE62738166C008B7784 /* SearchCell.swift in Sources */,
				F59700AE273571B80014A36A /* PhotoSelectorCell.swift in Sources */,
				F5767E1A270CAE2200387576 /* SignUpController.swift in Sources */,
				F5FE66FD27258C02009166A7 /* UserProfileController.swift in Sources */,
				F5782A342739BAB10020CD9A /* CameraController.swift in Sources */,
				F59700B227366EA30014A36A /* SharePhotoController.swift in Sources */,
				F5D9D5412725AC1A00A23ED2 /* UserProfileHeader.swift in Sources */,
				F59486CC273BBCBB005C05F7 /* CommentsController.swift in Sources */,
				F5438CE1273806F6008B7784 /* Firebase + Extensions.swift in Sources */,
				F5FE66FB27258B1A009166A7 /* MainTabBarController.swift in Sources */,
				F5640133273B040C003A4A9D /* PreviewPhotoContainerView.swift in Sources */,
				F5D9D53F2725A53F00A23ED2 /* Constants.swift in Sources */,
				F5438CD82737C575008B7784 /* UserProfilePhotoCell.swift in Sources */,
				F5438CE42738133C008B7784 /* SearchController.swift in Sources */,
				F59700B427368EF80014A36A /* Post.swift in Sources */,
				F5D540AD270CD8DE0077C389 /* UIColor + Extensions.swift in Sources */,
				F59700B0273578130014A36A /* PhotoSelectorHeader.swift in Sources */,
				F59700AB273564DF0014A36A /* PhotoSelectorController.swift in Sources */,
				F5438CDA2737C5E3008B7784 /* HomeController.swift in Sources */,
				F5767E16270CAE2200387576 /* AppDelegate.swift in Sources */,
				F5438CDD2737C7CD008B7784 /* HomePostCell.swift in Sources */,
				F59700BB273696ED0014A36A /* CustomImageView.swift in Sources */,
				F58F1B1C273B0F4A00E0A0E4 /* CustomAnimationPresenter.swift in Sources */,
				F58F1B1E273B130000E0A0E4 /* CustomAnimationDismisser.swift in Sources */,
				F5C0F6922725F16400A58E4D /* LoginController.swift in Sources */,
				F5438CDF2737FFF3008B7784 /* User.swift in Sources */,
			);
			runOnlyForDeploymentPostprocessing = 0;
		};
/* End PBXSourcesBuildPhase section */

/* Begin PBXVariantGroup section */
		F5767E1B270CAE2200387576 /* Main.storyboard */ = {
			isa = PBXVariantGroup;
			children = (
				F5767E1C270CAE2200387576 /* Base */,
			);
			name = Main.storyboard;
			sourceTree = "<group>";
		};
		F5767E20270CAE2400387576 /* LaunchScreen.storyboard */ = {
			isa = PBXVariantGroup;
			children = (
				F5767E21270CAE2400387576 /* Base */,
			);
			name = LaunchScreen.storyboard;
			sourceTree = "<group>";
		};
/* End PBXVariantGroup section */

/* Begin XCBuildConfiguration section */
		F5767E24270CAE2400387576 /* Debug */ = {
			isa = XCBuildConfiguration;
			buildSettings = {
				ALWAYS_SEARCH_USER_PATHS = NO;
				CLANG_ANALYZER_NONNULL = YES;
				CLANG_ANALYZER_NUMBER_OBJECT_CONVERSION = YES_AGGRESSIVE;
				CLANG_CXX_LANGUAGE_STANDARD = "gnu++14";
				CLANG_CXX_LIBRARY = "libc++";
				CLANG_ENABLE_MODULES = YES;
				CLANG_ENABLE_OBJC_ARC = YES;
				CLANG_ENABLE_OBJC_WEAK = YES;
				CLANG_WARN_BLOCK_CAPTURE_AUTORELEASING = YES;
				CLANG_WARN_BOOL_CONVERSION = YES;
				CLANG_WARN_COMMA = YES;
				CLANG_WARN_CONSTANT_CONVERSION = YES;
				CLANG_WARN_DEPRECATED_OBJC_IMPLEMENTATIONS = YES;
				CLANG_WARN_DIRECT_OBJC_ISA_USAGE = YES_ERROR;
				CLANG_WARN_DOCUMENTATION_COMMENTS = YES;
				CLANG_WARN_EMPTY_BODY = YES;
				CLANG_WARN_ENUM_CONVERSION = YES;
				CLANG_WARN_INFINITE_RECURSION = YES;
				CLANG_WARN_INT_CONVERSION = YES;
				CLANG_WARN_NON_LITERAL_NULL_CONVERSION = YES;
				CLANG_WARN_OBJC_IMPLICIT_RETAIN_SELF = YES;
				CLANG_WARN_OBJC_LITERAL_CONVERSION = YES;
				CLANG_WARN_OBJC_ROOT_CLASS = YES_ERROR;
				CLANG_WARN_QUOTED_INCLUDE_IN_FRAMEWORK_HEADER = YES;
				CLANG_WARN_RANGE_LOOP_ANALYSIS = YES;
				CLANG_WARN_STRICT_PROTOTYPES = YES;
				CLANG_WARN_SUSPICIOUS_MOVE = YES;
				CLANG_WARN_UNGUARDED_AVAILABILITY = YES_AGGRESSIVE;
				CLANG_WARN_UNREACHABLE_CODE = YES;
				CLANG_WARN__DUPLICATE_METHOD_MATCH = YES;
				COPY_PHASE_STRIP = NO;
				DEBUG_INFORMATION_FORMAT = dwarf;
				ENABLE_STRICT_OBJC_MSGSEND = YES;
				ENABLE_TESTABILITY = YES;
				GCC_C_LANGUAGE_STANDARD = gnu11;
				GCC_DYNAMIC_NO_PIC = NO;
				GCC_NO_COMMON_BLOCKS = YES;
				GCC_OPTIMIZATION_LEVEL = 0;
				GCC_PREPROCESSOR_DEFINITIONS = (
					"DEBUG=1",
					"$(inherited)",
				);
				GCC_WARN_64_TO_32_BIT_CONVERSION = YES;
				GCC_WARN_ABOUT_RETURN_TYPE = YES_ERROR;
				GCC_WARN_UNDECLARED_SELECTOR = YES;
				GCC_WARN_UNINITIALIZED_AUTOS = YES_AGGRESSIVE;
				GCC_WARN_UNUSED_FUNCTION = YES;
				GCC_WARN_UNUSED_VARIABLE = YES;
				IPHONEOS_DEPLOYMENT_TARGET = 13.0;
				MTL_ENABLE_DEBUG_INFO = INCLUDE_SOURCE;
				MTL_FAST_MATH = YES;
				ONLY_ACTIVE_ARCH = YES;
				SDKROOT = iphoneos;
				SWIFT_ACTIVE_COMPILATION_CONDITIONS = DEBUG;
				SWIFT_OPTIMIZATION_LEVEL = "-Onone";
			};
			name = Debug;
		};
		F5767E25270CAE2400387576 /* Release */ = {
			isa = XCBuildConfiguration;
			buildSettings = {
				ALWAYS_SEARCH_USER_PATHS = NO;
				CLANG_ANALYZER_NONNULL = YES;
				CLANG_ANALYZER_NUMBER_OBJECT_CONVERSION = YES_AGGRESSIVE;
				CLANG_CXX_LANGUAGE_STANDARD = "gnu++14";
				CLANG_CXX_LIBRARY = "libc++";
				CLANG_ENABLE_MODULES = YES;
				CLANG_ENABLE_OBJC_ARC = YES;
				CLANG_ENABLE_OBJC_WEAK = YES;
				CLANG_WARN_BLOCK_CAPTURE_AUTORELEASING = YES;
				CLANG_WARN_BOOL_CONVERSION = YES;
				CLANG_WARN_COMMA = YES;
				CLANG_WARN_CONSTANT_CONVERSION = YES;
				CLANG_WARN_DEPRECATED_OBJC_IMPLEMENTATIONS = YES;
				CLANG_WARN_DIRECT_OBJC_ISA_USAGE = YES_ERROR;
				CLANG_WARN_DOCUMENTATION_COMMENTS = YES;
				CLANG_WARN_EMPTY_BODY = YES;
				CLANG_WARN_ENUM_CONVERSION = YES;
				CLANG_WARN_INFINITE_RECURSION = YES;
				CLANG_WARN_INT_CONVERSION = YES;
				CLANG_WARN_NON_LITERAL_NULL_CONVERSION = YES;
				CLANG_WARN_OBJC_IMPLICIT_RETAIN_SELF = YES;
				CLANG_WARN_OBJC_LITERAL_CONVERSION = YES;
				CLANG_WARN_OBJC_ROOT_CLASS = YES_ERROR;
				CLANG_WARN_QUOTED_INCLUDE_IN_FRAMEWORK_HEADER = YES;
				CLANG_WARN_RANGE_LOOP_ANALYSIS = YES;
				CLANG_WARN_STRICT_PROTOTYPES = YES;
				CLANG_WARN_SUSPICIOUS_MOVE = YES;
				CLANG_WARN_UNGUARDED_AVAILABILITY = YES_AGGRESSIVE;
				CLANG_WARN_UNREACHABLE_CODE = YES;
				CLANG_WARN__DUPLICATE_METHOD_MATCH = YES;
				COPY_PHASE_STRIP = NO;
				DEBUG_INFORMATION_FORMAT = "dwarf-with-dsym";
				ENABLE_NS_ASSERTIONS = NO;
				ENABLE_STRICT_OBJC_MSGSEND = YES;
				GCC_C_LANGUAGE_STANDARD = gnu11;
				GCC_NO_COMMON_BLOCKS = YES;
				GCC_WARN_64_TO_32_BIT_CONVERSION = YES;
				GCC_WARN_ABOUT_RETURN_TYPE = YES_ERROR;
				GCC_WARN_UNDECLARED_SELECTOR = YES;
				GCC_WARN_UNINITIALIZED_AUTOS = YES_AGGRESSIVE;
				GCC_WARN_UNUSED_FUNCTION = YES;
				GCC_WARN_UNUSED_VARIABLE = YES;
				IPHONEOS_DEPLOYMENT_TARGET = 13.0;
				MTL_ENABLE_DEBUG_INFO = NO;
				MTL_FAST_MATH = YES;
				SDKROOT = iphoneos;
				SWIFT_COMPILATION_MODE = wholemodule;
				SWIFT_OPTIMIZATION_LEVEL = "-O";
				VALIDATE_PRODUCT = YES;
			};
			name = Release;
		};
		F5767E27270CAE2400387576 /* Debug */ = {
			isa = XCBuildConfiguration;
			baseConfigurationReference = D3F855F08ACEE99113ACF9BB /* Pods-InMemories.debug.xcconfig */;
			buildSettings = {
				ASSETCATALOG_COMPILER_APPICON_NAME = AppIcon;
				ASSETCATALOG_COMPILER_GLOBAL_ACCENT_COLOR_NAME = AccentColor;
				CODE_SIGN_STYLE = Automatic;
				DEVELOPMENT_TEAM = 8M97DT7VG5;
				INFOPLIST_FILE = InMemories/Info.plist;
				IPHONEOS_DEPLOYMENT_TARGET = 13.0;
				LD_RUNPATH_SEARCH_PATHS = (
					"$(inherited)",
					"@executable_path/Frameworks",
				);
				PRODUCT_BUNDLE_IDENTIFIER = com.iBenko.InMemories;
				PRODUCT_NAME = "$(TARGET_NAME)";
				SWIFT_VERSION = 5.0;
				TARGETED_DEVICE_FAMILY = "1,2";
			};
			name = Debug;
		};
		F5767E28270CAE2400387576 /* Release */ = {
			isa = XCBuildConfiguration;
			baseConfigurationReference = E872DA8146A1DBC430532ABE /* Pods-InMemories.release.xcconfig */;
			buildSettings = {
				ASSETCATALOG_COMPILER_APPICON_NAME = AppIcon;
				ASSETCATALOG_COMPILER_GLOBAL_ACCENT_COLOR_NAME = AccentColor;
				CODE_SIGN_STYLE = Automatic;
				DEVELOPMENT_TEAM = 8M97DT7VG5;
				INFOPLIST_FILE = InMemories/Info.plist;
				IPHONEOS_DEPLOYMENT_TARGET = 13.0;
				LD_RUNPATH_SEARCH_PATHS = (
					"$(inherited)",
					"@executable_path/Frameworks",
				);
				PRODUCT_BUNDLE_IDENTIFIER = com.iBenko.InMemories;
				PRODUCT_NAME = "$(TARGET_NAME)";
				SWIFT_VERSION = 5.0;
				TARGETED_DEVICE_FAMILY = "1,2";
			};
			name = Release;
		};
/* End XCBuildConfiguration section */

/* Begin XCConfigurationList section */
		F5767E0D270CAE2200387576 /* Build configuration list for PBXProject "InMemories" */ = {
			isa = XCConfigurationList;
			buildConfigurations = (
				F5767E24270CAE2400387576 /* Debug */,
				F5767E25270CAE2400387576 /* Release */,
			);
			defaultConfigurationIsVisible = 0;
			defaultConfigurationName = Release;
		};
		F5767E26270CAE2400387576 /* Build configuration list for PBXNativeTarget "InMemories" */ = {
			isa = XCConfigurationList;
			buildConfigurations = (
				F5767E27270CAE2400387576 /* Debug */,
				F5767E28270CAE2400387576 /* Release */,
			);
			defaultConfigurationIsVisible = 0;
			defaultConfigurationName = Release;
		};
/* End XCConfigurationList section */
	};
	rootObject = F5767E0A270CAE2200387576 /* Project object */;
}
